// !$*UTF8*$!
{
	archiveVersion = 1;
	classes = {
	};
	objectVersion = 46;
	objects = {

/* Begin PBXBuildFile section */
		BFEBB76C1EFD477400557829 /* AppDelegate.swift in Sources */ = {isa = PBXBuildFile; fileRef = BFEBB76B1EFD477400557829 /* AppDelegate.swift */; };
		BFEBB76E1EFD477400557829 /* ViewController.swift in Sources */ = {isa = PBXBuildFile; fileRef = BFEBB76D1EFD477400557829 /* ViewController.swift */; };
		BFEBB7711EFD477400557829 /* Main.storyboard in Resources */ = {isa = PBXBuildFile; fileRef = BFEBB76F1EFD477400557829 /* Main.storyboard */; };
		BFEBB7731EFD477400557829 /* Assets.xcassets in Resources */ = {isa = PBXBuildFile; fileRef = BFEBB7721EFD477400557829 /* Assets.xcassets */; };
		BFEBB7761EFD477400557829 /* LaunchScreen.storyboard in Resources */ = {isa = PBXBuildFile; fileRef = BFEBB7741EFD477400557829 /* LaunchScreen.storyboard */; };
/* End PBXBuildFile section */

/* Begin PBXFileReference section */
		BFEBB7681EFD477400557829 /* UIScrollviewTest.app */ = {isa = PBXFileReference; explicitFileType = wrapper.application; includeInIndex = 0; path = UIScrollviewTest.app; sourceTree = BUILT_PRODUCTS_DIR; };
		BFEBB76B1EFD477400557829 /* AppDelegate.swift */ = {isa = PBXFileReference; lastKnownFileType = sourcecode.swift; path = AppDelegate.swift; sourceTree = "<group>"; };
		BFEBB76D1EFD477400557829 /* ViewController.swift */ = {isa = PBXFileReference; lastKnownFileType = sourcecode.swift; path = ViewController.swift; sourceTree = "<group>"; };
		BFEBB7701EFD477400557829 /* Base */ = {isa = PBXFileReference; lastKnownFileType = file.storyboard; name = Base; path = Base.lproj/Main.storyboard; sourceTree = "<group>"; };
		BFEBB7721EFD477400557829 /* Assets.xcassets */ = {isa = PBXFileReference; lastKnownFileType = folder.assetcatalog; path = Assets.xcassets; sourceTree = "<group>"; };
		BFEBB7751EFD477400557829 /* Base */ = {isa = PBXFileReference; lastKnownFileType = file.storyboard; name = Base; path = Base.lproj/LaunchScreen.storyboard; sourceTree = "<group>"; };
		BFEBB7771EFD477400557829 /* Info.plist */ = {isa = PBXFileReference; lastKnownFileType = text.plist.xml; path = Info.plist; sourceTree = "<group>"; };
/* End PBXFileReference section */

/* Begin PBXFrameworksBuildPhase section */
		BFEBB7651EFD477400557829 /* Frameworks */ = {
			isa = PBXFrameworksBuildPhase;
			buildActionMask = 2147483647;
			files = (
			);
			runOnlyForDeploymentPostprocessing = 0;
		};
/* End PBXFrameworksBuildPhase section */

/* Begin PBXGroup section */
		BFEBB75F1EFD477400557829 = {
			isa = PBXGroup;
			children = (
				BFEBB76A1EFD477400557829 /* UIScrollviewTest */,
				BFEBB7691EFD477400557829 /* Products */,
			);
			sourceTree = "<group>";
		};
		BFEBB7691EFD477400557829 /* Products */ = {
			isa = PBXGroup;
			children = (
				BFEBB7681EFD477400557829 /* UIScrollviewTest.app */,
			);
			name = Products;
			sourceTree = "<group>";
		};
		BFEBB76A1EFD477400557829 /* UIScrollviewTest */ = {
			isa = PBXGroup;
			children = (
				BFEBB76B1EFD477400557829 /* AppDelegate.swift */,
				BFEBB76D1EFD477400557829 /* ViewController.swift */,
				BFEBB76F1EFD477400557829 /* Main.storyboard */,
				BFEBB7721EFD477400557829 /* Assets.xcassets */,
				BFEBB7741EFD477400557829 /* LaunchScreen.storyboard */,
				BFEBB7771EFD477400557829 /* Info.plist */,
			);
			path = UIScrollviewTest;
			sourceTree = "<group>";
		};
/* End PBXGroup section */

/* Begin PBXNativeTarget section */
		BFEBB7671EFD477400557829 /* UIScrollviewTest */ = {
			isa = PBXNativeTarget;
			buildConfigurationList = BFEBB77A1EFD477400557829 /* Build configuration list for PBXNativeTarget "UIScrollviewTest" */;
			buildPhases = (
				BFEBB7641EFD477400557829 /* Sources */,
				BFEBB7651EFD477400557829 /* Frameworks */,
				BFEBB7661EFD477400557829 /* Resources */,
			);
			buildRules = (
			);
			dependencies = (
			);
			name = UIScrollviewTest;
			productName = UIScrollviewTest;
			productReference = BFEBB7681EFD477400557829 /* UIScrollviewTest.app */;
			productType = "com.apple.product-type.application";
		};
/* End PBXNativeTarget section */

/* Begin PBXProject section */
		BFEBB7601EFD477400557829 /* Project object */ = {
			isa = PBXProject;
			attributes = {
				LastSwiftUpdateCheck = 0830;
				LastUpgradeCheck = 0830;
				ORGANIZATIONNAME = "KOBAYASHI Jun";
				TargetAttributes = {
					BFEBB7671EFD477400557829 = {
						CreatedOnToolsVersion = 8.3.3;
						DevelopmentTeam = 3AL4S2YHPL;
						ProvisioningStyle = Automatic;
					};
				};
			};
			buildConfigurationList = BFEBB7631EFD477400557829 /* Build configuration list for PBXProject "UIScrollviewTest" */;
			compatibilityVersion = "Xcode 3.2";
			developmentRegion = English;
			hasScannedForEncodings = 0;
			knownRegions = (
				en,
				Base,
			);
			mainGroup = BFEBB75F1EFD477400557829;
			productRefGroup = BFEBB7691EFD477400557829 /* Products */;
			projectDirPath = "";
			projectRoot = "";
			targets = (
				BFEBB7671EFD477400557829 /* UIScrollviewTest */,
			);
		};
/* End PBXProject section */

/* Begin PBXResourcesBuildPhase section */
		BFEBB7661EFD477400557829 /* Resources */ = {
			isa = PBXResourcesBuildPhase;
			buildActionMask = 2147483647;
			files = (
				BFEBB7761EFD477400557829 /* LaunchScreen.storyboard in Resources */,
				BFEBB7731EFD477400557829 /* Assets.xcassets in Resources */,
				BFEBB7711EFD477400557829 /* Main.storyboard in Resources */,
			);
			runOnlyForDeploymentPostprocessing = 0;
		};
/* End PBXResourcesBuildPhase section */

/* Begin PBXSourcesBuildPhase section */
		BFEBB7641EFD477400557829 /* Sources */ = {
			isa = PBXSourcesBuildPhase;
			buildActionMask = 2147483647;
			files = (
				BFEBB76E1EFD477400557829 /* ViewController.swift in Sources */,
				BFEBB76C1EFD477400557829 /* AppDelegate.swift in Sources */,
			);
			runOnlyForDeploymentPostprocessing = 0;
		};
/* End PBXSourcesBuildPhase section */

/* Begin PBXVariantGroup section */
		BFEBB76F1EFD477400557829 /* Main.storyboard */ = {
			isa = PBXVariantGroup;
			children = (
				BFEBB7701EFD477400557829 /* Base */,
			);
			name = Main.storyboard;
			sourceTree = "<group>";
		};
		BFEBB7741EFD477400557829 /* LaunchScreen.storyboard */ = {
			isa = PBXVariantGroup;
			children = (
				BFEBB7751EFD477400557829 /* Base */,
			);
			name = LaunchScreen.storyboard;
			sourceTree = "<group>";
		};
/* End PBXVariantGroup section */

/* Begin XCBuildConfiguration section */
		BFEBB7781EFD477400557829 /* Debug */ = {
			isa = XCBuildConfiguration;
			buildSettings = {
				ALWAYS_SEARCH_USER_PATHS = NO;
				CLANG_ANALYZER_NONNULL = YES;
				CLANG_ANALYZER_NUMBER_OBJECT_CONVERSION = YES_AGGRESSIVE;
				CLANG_CXX_LANGUAGE_STANDARD = "gnu++0x";
				CLANG_CXX_LIBRARY = "libc++";
				CLANG_ENABLE_MODULES = YES;
				CLANG_ENABLE_OBJC_ARC = YES;
				CLANG_WARN_BOOL_CONVERSION = YES;
				CLANG_WARN_CONSTANT_CONVERSION = YES;
				CLANG_WARN_DIRECT_OBJC_ISA_USAGE = YES_ERROR;
				CLANG_WARN_DOCUMENTATION_COMMENTS = YES;
				CLANG_WARN_EMPTY_BODY = YES;
				CLANG_WARN_ENUM_CONVERSION = YES;
				CLANG_WARN_INFINITE_RECURSION = YES;
				CLANG_WARN_INT_CONVERSION = YES;
				CLANG_WARN_OBJC_ROOT_CLASS = YES_ERROR;
				CLANG_WARN_SUSPICIOUS_MOVE = YES;
				CLANG_WARN_UNREACHABLE_CODE = YES;
				CLANG_WARN__DUPLICATE_METHOD_MATCH = YES;
				"CODE_SIGN_IDENTITY[sdk=iphoneos*]" = "iPhone Developer";
				COPY_PHASE_STRIP = NO;
				DEBUG_INFORMATION_FORMAT = dwarf;
				ENABLE_STRICT_OBJC_MSGSEND = YES;
				ENABLE_TESTABILITY = YES;
				GCC_C_LANGUAGE_STANDARD = gnu99;
				GCC_DYNAMIC_NO_PIC = NO;
				GCC_NO_COMMON_BLOCKS = YES;
				GCC_OPTIMIZATION_LEVEL = 0;
				GCC_PREPROCESSOR_DEFINITIONS = (
					"DEBUG=1",
					"$(inherited)",
				);
				GCC_WARN_64_TO_32_BIT_CONVERSION = YES;
				GCC_WARN_ABOUT_RETURN_TYPE = YES_ERROR;
				GCC_WARN_UNDECLARED_SELECTOR = YES;
				GCC_WARN_UNINITIALIZED_AUTOS = YES_AGGRESSIVE;
				GCC_WARN_UNUSED_FUNCTION = YES;
				GCC_WARN_UNUSED_VARIABLE = YES;
				IPHONEOS_DEPLOYMENT_TARGET = 10.3;
				MTL_ENABLE_DEBUG_INFO = YES;
				ONLY_ACTIVE_ARCH = YES;
				SDKROOT = iphoneos;
				SWIFT_ACTIVE_COMPILATION_CONDITIONS = DEBUG;
				SWIFT_OPTIMIZATION_LEVEL = "-Onone";
			};
			name = Debug;
		};
		BFEBB7791EFD477400557829 /* Release */ = {
			isa = XCBuildConfiguration;
			buildSettings = {
				ALWAYS_SEARCH_USER_PATHS = NO;
				CLANG_ANALYZER_NONNULL = YES;
				CLANG_ANALYZER_NUMBER_OBJECT_CONVERSION = YES_AGGRESSIVE;
				CLANG_CXX_LANGUAGE_STANDARD = "gnu++0x";
				CLANG_CXX_LIBRARY = "libc++";
				CLANG_ENABLE_MODULES = YES;
				CLANG_ENABLE_OBJC_ARC = YES;
				CLANG_WARN_BOOL_CONVERSION = YES;
				CLANG_WARN_CONSTANT_CONVERSION = YES;
				CLANG_WARN_DIRECT_OBJC_ISA_USAGE = YES_ERROR;
				CLANG_WARN_DOCUMENTATION_COMMENTS = YES;
				CLANG_WARN_EMPTY_BODY = YES;
				CLANG_WARN_ENUM_CONVERSION = YES;
				CLANG_WARN_INFINITE_RECURSION = YES;
				CLANG_WARN_INT_CONVERSION = YES;
				CLANG_WARN_OBJC_ROOT_CLASS = YES_ERROR;
				CLANG_WARN_SUSPICIOUS_MOVE = YES;
				CLANG_WARN_UNREACHABLE_CODE = YES;
				CLANG_WARN__DUPLICATE_METHOD_MATCH = YES;
				"CODE_SIGN_IDENTITY[sdk=iphoneos*]" = "iPhone Developer";
				COPY_PHASE_STRIP = NO;
				DEBUG_INFORMATION_FORMAT = "dwarf-with-dsym";
				ENABLE_NS_ASSERTIONS = NO;
				ENABLE_STRICT_OBJC_MSGSEND = YES;
				GCC_C_LANGUAGE_STANDARD = gnu99;
				GCC_NO_COMMON_BLOCKS = YES;
				GCC_WARN_64_TO_32_BIT_CONVERSION = YES;
				GCC_WARN_ABOUT_RETURN_TYPE = YES_ERROR;
				GCC_WARN_UNDECLARED_SELECTOR = YES;
				GCC_WARN_UNINITIALIZED_AUTOS = YES_AGGRESSIVE;
				GCC_WARN_UNUSED_FUNCTION = YES;
				GCC_WARN_UNUSED_VARIABLE = YES;
				IPHONEOS_DEPLOYMENT_TARGET = 10.3;
				MTL_ENABLE_DEBUG_INFO = NO;
				SDKROOT = iphoneos;
				SWIFT_OPTIMIZATION_LEVEL = "-Owholemodule";
				VALIDATE_PRODUCT = YES;
			};
			name = Release;
		};
		BFEBB77B1EFD477400557829 /* Debug */ = {
			isa = XCBuildConfiguration;
			buildSettings = {
				ASSETCATALOG_COMPILER_APPICON_NAME = AppIcon;
				DEVELOPMENT_TEAM = 3AL4S2YHPL;
				INFOPLIST_FILE = UIScrollviewTest/Info.plist;
				LD_RUNPATH_SEARCH_PATHS = "$(inherited) @executable_path/Frameworks";
				PRODUCT_BUNDLE_IDENTIFIER = "info.game-center.UIScrollviewTest";
				PRODUCT_NAME = "$(TARGET_NAME)";
				SWIFT_VERSION = 3.0;
			};
			name = Debug;
		};
		BFEBB77C1EFD477400557829 /* Release */ = {
			isa = XCBuildConfiguration;
			buildSettings = {
				ASSETCATALOG_COMPILER_APPICON_NAME = AppIcon;
				DEVELOPMENT_TEAM = 3AL4S2YHPL;
				INFOPLIST_FILE = UIScrollviewTest/Info.plist;
				LD_RUNPATH_SEARCH_PATHS = "$(inherited) @executable_path/Frameworks";
				PRODUCT_BUNDLE_IDENTIFIER = "info.game-center.UIScrollviewTest";
				PRODUCT_NAME = "$(TARGET_NAME)";
				SWIFT_VERSION = 3.0;
			};
			name = Release;
		};
/* End XCBuildConfiguration section */

/* Begin XCConfigurationList section */
		BFEBB7631EFD477400557829 /* Build configuration list for PBXProject "UIScrollviewTest" */ = {
			isa = XCConfigurationList;
			buildConfigurations = (
				BFEBB7781EFD477400557829 /* Debug */,
				BFEBB7791EFD477400557829 /* Release */,
			);
			defaultConfigurationIsVisible = 0;
			defaultConfigurationName = Release;
		};
		BFEBB77A1EFD477400557829 /* Build configuration list for PBXNativeTarget "UIScrollviewTest" */ = {
			isa = XCConfigurationList;
			buildConfigurations = (
				BFEBB77B1EFD477400557829 /* Debug */,
				BFEBB77C1EFD477400557829 /* Release */,
			);
			defaultConfigurationIsVisible = 0;
		};
/* End XCConfigurationList section */
	};
	rootObject = BFEBB7601EFD477400557829 /* Project object */;
}
